// !$*UTF8*$!
{
	archiveVersion = 1;
	classes = {
	};
	objectVersion = 50;
	objects = {

/* Begin PBXBuildFile section */
		49A63F8941AEE6D6065C6EE1 /* Pods_JainTests.framework in Frameworks */ = {isa = PBXBuildFile; fileRef = 1994DDDF64DBFD3B723EA493 /* Pods_JainTests.framework */; };
		80A55D82FCBC77EE269ACB8B /* Pods_Jain.framework in Frameworks */ = {isa = PBXBuildFile; fileRef = 757619BB14EF4574ED2845C6 /* Pods_Jain.framework */; };
		964581C5573955DB3C56030D /* Pods_JainUITests.framework in Frameworks */ = {isa = PBXBuildFile; fileRef = 5E4FCBD9E0B395AD3B9AF4E1 /* Pods_JainUITests.framework */; };
		F4B6663F20ECFEF000BAC68A /* SongListViewController.swift in Sources */ = {isa = PBXBuildFile; fileRef = F4B6663D20ECFEF000BAC68A /* SongListViewController.swift */; };
		F4B6664220ECFF2900BAC68A /* BookListViewController.swift in Sources */ = {isa = PBXBuildFile; fileRef = F4B6664120ECFF2900BAC68A /* BookListViewController.swift */; };
		F4B6664420ECFF7200BAC68A /* SettingsViewController.swift in Sources */ = {isa = PBXBuildFile; fileRef = F4B6664320ECFF7200BAC68A /* SettingsViewController.swift */; };
		F4B72E2720EBC063007CCE54 /* AppDelegate.swift in Sources */ = {isa = PBXBuildFile; fileRef = F4B72E2620EBC063007CCE54 /* AppDelegate.swift */; };
		F4B72E2E20EBC063007CCE54 /* Main.storyboard in Resources */ = {isa = PBXBuildFile; fileRef = F4B72E2C20EBC063007CCE54 /* Main.storyboard */; };
		F4B72E3020EBC065007CCE54 /* Assets.xcassets in Resources */ = {isa = PBXBuildFile; fileRef = F4B72E2F20EBC065007CCE54 /* Assets.xcassets */; };
		F4B72E3320EBC065007CCE54 /* LaunchScreen.storyboard in Resources */ = {isa = PBXBuildFile; fileRef = F4B72E3120EBC065007CCE54 /* LaunchScreen.storyboard */; };
		F4B72E3E20EBC066007CCE54 /* JainTests.swift in Sources */ = {isa = PBXBuildFile; fileRef = F4B72E3D20EBC066007CCE54 /* JainTests.swift */; };
		F4B72E4920EBC066007CCE54 /* JainUITests.swift in Sources */ = {isa = PBXBuildFile; fileRef = F4B72E4820EBC066007CCE54 /* JainUITests.swift */; };
		F4F3461820EE33D000CF591E /* MyCollectionViewCell.swift in Sources */ = {isa = PBXBuildFile; fileRef = F4F3461720EE33D000CF591E /* MyCollectionViewCell.swift */; };
/* End PBXBuildFile section */

/* Begin PBXContainerItemProxy section */
		F4B72E3A20EBC066007CCE54 /* PBXContainerItemProxy */ = {
			isa = PBXContainerItemProxy;
			containerPortal = F4B72E1B20EBC063007CCE54 /* Project object */;
			proxyType = 1;
			remoteGlobalIDString = F4B72E2220EBC063007CCE54;
			remoteInfo = Jain;
		};
		F4B72E4520EBC066007CCE54 /* PBXContainerItemProxy */ = {
			isa = PBXContainerItemProxy;
			containerPortal = F4B72E1B20EBC063007CCE54 /* Project object */;
			proxyType = 1;
			remoteGlobalIDString = F4B72E2220EBC063007CCE54;
			remoteInfo = Jain;
		};
/* End PBXContainerItemProxy section */

/* Begin PBXFileReference section */
		1994DDDF64DBFD3B723EA493 /* Pods_JainTests.framework */ = {isa = PBXFileReference; explicitFileType = wrapper.framework; includeInIndex = 0; path = Pods_JainTests.framework; sourceTree = BUILT_PRODUCTS_DIR; };
		1EFB8184C289B30096B38D7E /* Pods-JainTests.debug.xcconfig */ = {isa = PBXFileReference; includeInIndex = 1; lastKnownFileType = text.xcconfig; name = "Pods-JainTests.debug.xcconfig"; path = "Pods/Target Support Files/Pods-JainTests/Pods-JainTests.debug.xcconfig"; sourceTree = "<group>"; };
		22AD96DE8902C7BADEDE18A6 /* Pods-JainUITests.debug.xcconfig */ = {isa = PBXFileReference; includeInIndex = 1; lastKnownFileType = text.xcconfig; name = "Pods-JainUITests.debug.xcconfig"; path = "Pods/Target Support Files/Pods-JainUITests/Pods-JainUITests.debug.xcconfig"; sourceTree = "<group>"; };
		32EAC08B6795DE012AE9A256 /* Pods-Jain.release.xcconfig */ = {isa = PBXFileReference; includeInIndex = 1; lastKnownFileType = text.xcconfig; name = "Pods-Jain.release.xcconfig"; path = "Pods/Target Support Files/Pods-Jain/Pods-Jain.release.xcconfig"; sourceTree = "<group>"; };
		5E4FCBD9E0B395AD3B9AF4E1 /* Pods_JainUITests.framework */ = {isa = PBXFileReference; explicitFileType = wrapper.framework; includeInIndex = 0; path = Pods_JainUITests.framework; sourceTree = BUILT_PRODUCTS_DIR; };
		757619BB14EF4574ED2845C6 /* Pods_Jain.framework */ = {isa = PBXFileReference; explicitFileType = wrapper.framework; includeInIndex = 0; path = Pods_Jain.framework; sourceTree = BUILT_PRODUCTS_DIR; };
		785B9940ECFEB3816795C00F /* Pods-JainUITests.release.xcconfig */ = {isa = PBXFileReference; includeInIndex = 1; lastKnownFileType = text.xcconfig; name = "Pods-JainUITests.release.xcconfig"; path = "Pods/Target Support Files/Pods-JainUITests/Pods-JainUITests.release.xcconfig"; sourceTree = "<group>"; };
		AC030B765A633F7BFECB2EE2 /* Pods-Jain.debug.xcconfig */ = {isa = PBXFileReference; includeInIndex = 1; lastKnownFileType = text.xcconfig; name = "Pods-Jain.debug.xcconfig"; path = "Pods/Target Support Files/Pods-Jain/Pods-Jain.debug.xcconfig"; sourceTree = "<group>"; };
		F0F0AEEE46CA00108B20F188 /* Pods-JainTests.release.xcconfig */ = {isa = PBXFileReference; includeInIndex = 1; lastKnownFileType = text.xcconfig; name = "Pods-JainTests.release.xcconfig"; path = "Pods/Target Support Files/Pods-JainTests/Pods-JainTests.release.xcconfig"; sourceTree = "<group>"; };
		F4B6663D20ECFEF000BAC68A /* SongListViewController.swift */ = {isa = PBXFileReference; lastKnownFileType = sourcecode.swift; name = SongListViewController.swift; path = ViewControllers/SongListViewController.swift; sourceTree = "<group>"; };
		F4B6664120ECFF2900BAC68A /* BookListViewController.swift */ = {isa = PBXFileReference; lastKnownFileType = sourcecode.swift; name = BookListViewController.swift; path = ViewControllers/BookListViewController.swift; sourceTree = "<group>"; };
		F4B6664320ECFF7200BAC68A /* SettingsViewController.swift */ = {isa = PBXFileReference; lastKnownFileType = sourcecode.swift; name = SettingsViewController.swift; path = ViewControllers/SettingsViewController.swift; sourceTree = "<group>"; };
		F4B72E2320EBC063007CCE54 /* Jain.app */ = {isa = PBXFileReference; explicitFileType = wrapper.application; includeInIndex = 0; path = Jain.app; sourceTree = BUILT_PRODUCTS_DIR; };
		F4B72E2620EBC063007CCE54 /* AppDelegate.swift */ = {isa = PBXFileReference; lastKnownFileType = sourcecode.swift; path = AppDelegate.swift; sourceTree = "<group>"; };
		F4B72E2D20EBC063007CCE54 /* Base */ = {isa = PBXFileReference; lastKnownFileType = file.storyboard; name = Base; path = Base.lproj/Main.storyboard; sourceTree = "<group>"; };
		F4B72E2F20EBC065007CCE54 /* Assets.xcassets */ = {isa = PBXFileReference; lastKnownFileType = folder.assetcatalog; path = Assets.xcassets; sourceTree = "<group>"; };
		F4B72E3220EBC065007CCE54 /* Base */ = {isa = PBXFileReference; lastKnownFileType = file.storyboard; name = Base; path = Base.lproj/LaunchScreen.storyboard; sourceTree = "<group>"; };
		F4B72E3420EBC065007CCE54 /* Info.plist */ = {isa = PBXFileReference; lastKnownFileType = text.plist.xml; path = Info.plist; sourceTree = "<group>"; };
		F4B72E3920EBC066007CCE54 /* JainTests.xctest */ = {isa = PBXFileReference; explicitFileType = wrapper.cfbundle; includeInIndex = 0; path = JainTests.xctest; sourceTree = BUILT_PRODUCTS_DIR; };
		F4B72E3D20EBC066007CCE54 /* JainTests.swift */ = {isa = PBXFileReference; lastKnownFileType = sourcecode.swift; path = JainTests.swift; sourceTree = "<group>"; };
		F4B72E3F20EBC066007CCE54 /* Info.plist */ = {isa = PBXFileReference; lastKnownFileType = text.plist.xml; path = Info.plist; sourceTree = "<group>"; };
		F4B72E4420EBC066007CCE54 /* JainUITests.xctest */ = {isa = PBXFileReference; explicitFileType = wrapper.cfbundle; includeInIndex = 0; path = JainUITests.xctest; sourceTree = BUILT_PRODUCTS_DIR; };
		F4B72E4820EBC066007CCE54 /* JainUITests.swift */ = {isa = PBXFileReference; lastKnownFileType = sourcecode.swift; path = JainUITests.swift; sourceTree = "<group>"; };
		F4B72E4A20EBC066007CCE54 /* Info.plist */ = {isa = PBXFileReference; lastKnownFileType = text.plist.xml; path = Info.plist; sourceTree = "<group>"; };
		F4F3461720EE33D000CF591E /* MyCollectionViewCell.swift */ = {isa = PBXFileReference; lastKnownFileType = sourcecode.swift; path = MyCollectionViewCell.swift; sourceTree = "<group>"; };
/* End PBXFileReference section */

/* Begin PBXFrameworksBuildPhase section */
		F4B72E2020EBC063007CCE54 /* Frameworks */ = {
			isa = PBXFrameworksBuildPhase;
			buildActionMask = 2147483647;
			files = (
				80A55D82FCBC77EE269ACB8B /* Pods_Jain.framework in Frameworks */,
			);
			runOnlyForDeploymentPostprocessing = 0;
		};
		F4B72E3620EBC066007CCE54 /* Frameworks */ = {
			isa = PBXFrameworksBuildPhase;
			buildActionMask = 2147483647;
			files = (
				49A63F8941AEE6D6065C6EE1 /* Pods_JainTests.framework in Frameworks */,
			);
			runOnlyForDeploymentPostprocessing = 0;
		};
		F4B72E4120EBC066007CCE54 /* Frameworks */ = {
			isa = PBXFrameworksBuildPhase;
			buildActionMask = 2147483647;
			files = (
				964581C5573955DB3C56030D /* Pods_JainUITests.framework in Frameworks */,
			);
			runOnlyForDeploymentPostprocessing = 0;
		};
/* End PBXFrameworksBuildPhase section */

/* Begin PBXGroup section */
		BA8C51F23E9D83189F2C03F0 /* Pods */ = {
			isa = PBXGroup;
			children = (
				AC030B765A633F7BFECB2EE2 /* Pods-Jain.debug.xcconfig */,
				32EAC08B6795DE012AE9A256 /* Pods-Jain.release.xcconfig */,
				1EFB8184C289B30096B38D7E /* Pods-JainTests.debug.xcconfig */,
				F0F0AEEE46CA00108B20F188 /* Pods-JainTests.release.xcconfig */,
				22AD96DE8902C7BADEDE18A6 /* Pods-JainUITests.debug.xcconfig */,
				785B9940ECFEB3816795C00F /* Pods-JainUITests.release.xcconfig */,
			);
			name = Pods;
			sourceTree = "<group>";
		};
		E95E4EBB12C25DC193BA8AF0 /* Frameworks */ = {
			isa = PBXGroup;
			children = (
				757619BB14EF4574ED2845C6 /* Pods_Jain.framework */,
				1994DDDF64DBFD3B723EA493 /* Pods_JainTests.framework */,
				5E4FCBD9E0B395AD3B9AF4E1 /* Pods_JainUITests.framework */,
			);
			name = Frameworks;
			sourceTree = "<group>";
		};
		F4B72E1A20EBC063007CCE54 = {
			isa = PBXGroup;
			children = (
				F4B72E2520EBC063007CCE54 /* Jain */,
				F4B72E3C20EBC066007CCE54 /* JainTests */,
				F4B72E4720EBC066007CCE54 /* JainUITests */,
				F4B72E2420EBC063007CCE54 /* Products */,
				BA8C51F23E9D83189F2C03F0 /* Pods */,
				E95E4EBB12C25DC193BA8AF0 /* Frameworks */,
			);
			sourceTree = "<group>";
		};
		F4B72E2420EBC063007CCE54 /* Products */ = {
			isa = PBXGroup;
			children = (
				F4B72E2320EBC063007CCE54 /* Jain.app */,
				F4B72E3920EBC066007CCE54 /* JainTests.xctest */,
				F4B72E4420EBC066007CCE54 /* JainUITests.xctest */,
			);
			name = Products;
			sourceTree = "<group>";
		};
		F4B72E2520EBC063007CCE54 /* Jain */ = {
			isa = PBXGroup;
			children = (
				F4B72E2620EBC063007CCE54 /* AppDelegate.swift */,
				F4B72E2C20EBC063007CCE54 /* Main.storyboard */,
				F4B72E2F20EBC065007CCE54 /* Assets.xcassets */,
				F4B72E3120EBC065007CCE54 /* LaunchScreen.storyboard */,
				F4B72E3420EBC065007CCE54 /* Info.plist */,
				F4B6663D20ECFEF000BAC68A /* SongListViewController.swift */,
				F4B6664120ECFF2900BAC68A /* BookListViewController.swift */,
				F4B6664320ECFF7200BAC68A /* SettingsViewController.swift */,
				F4F3461720EE33D000CF591E /* MyCollectionViewCell.swift */,
			);
			path = Jain;
			sourceTree = "<group>";
		};
		F4B72E3C20EBC066007CCE54 /* JainTests */ = {
			isa = PBXGroup;
			children = (
				F4B72E3D20EBC066007CCE54 /* JainTests.swift */,
				F4B72E3F20EBC066007CCE54 /* Info.plist */,
			);
			path = JainTests;
			sourceTree = "<group>";
		};
		F4B72E4720EBC066007CCE54 /* JainUITests */ = {
			isa = PBXGroup;
			children = (
				F4B72E4820EBC066007CCE54 /* JainUITests.swift */,
				F4B72E4A20EBC066007CCE54 /* Info.plist */,
			);
			path = JainUITests;
			sourceTree = "<group>";
		};
/* End PBXGroup section */

/* Begin PBXNativeTarget section */
		F4B72E2220EBC063007CCE54 /* Jain */ = {
			isa = PBXNativeTarget;
			buildConfigurationList = F4B72E4D20EBC066007CCE54 /* Build configuration list for PBXNativeTarget "Jain" */;
			buildPhases = (
				00B3BAA691DBB42F00F8E481 /* [CP] Check Pods Manifest.lock */,
				F4B72E1F20EBC063007CCE54 /* Sources */,
				F4B72E2020EBC063007CCE54 /* Frameworks */,
				F4B72E2120EBC063007CCE54 /* Resources */,
				F48A3BA920EE97BA00F24446 /* SwiftLint */,
			);
			buildRules = (
			);
			dependencies = (
			);
			name = Jain;
			productName = Jain;
			productReference = F4B72E2320EBC063007CCE54 /* Jain.app */;
			productType = "com.apple.product-type.application";
		};
		F4B72E3820EBC066007CCE54 /* JainTests */ = {
			isa = PBXNativeTarget;
			buildConfigurationList = F4B72E5020EBC066007CCE54 /* Build configuration list for PBXNativeTarget "JainTests" */;
			buildPhases = (
				FF7335493845F8799A57AD45 /* [CP] Check Pods Manifest.lock */,
				F4B72E3520EBC066007CCE54 /* Sources */,
				F4B72E3620EBC066007CCE54 /* Frameworks */,
				F4B72E3720EBC066007CCE54 /* Resources */,
			);
			buildRules = (
			);
			dependencies = (
				F4B72E3B20EBC066007CCE54 /* PBXTargetDependency */,
			);
			name = JainTests;
			productName = JainTests;
			productReference = F4B72E3920EBC066007CCE54 /* JainTests.xctest */;
			productType = "com.apple.product-type.bundle.unit-test";
		};
		F4B72E4320EBC066007CCE54 /* JainUITests */ = {
			isa = PBXNativeTarget;
			buildConfigurationList = F4B72E5320EBC066007CCE54 /* Build configuration list for PBXNativeTarget "JainUITests" */;
			buildPhases = (
				3F08D46AEFD13F6459418057 /* [CP] Check Pods Manifest.lock */,
				F4B72E4020EBC066007CCE54 /* Sources */,
				F4B72E4120EBC066007CCE54 /* Frameworks */,
				F4B72E4220EBC066007CCE54 /* Resources */,
			);
			buildRules = (
			);
			dependencies = (
				F4B72E4620EBC066007CCE54 /* PBXTargetDependency */,
			);
			name = JainUITests;
			productName = JainUITests;
			productReference = F4B72E4420EBC066007CCE54 /* JainUITests.xctest */;
			productType = "com.apple.product-type.bundle.ui-testing";
		};
/* End PBXNativeTarget section */

/* Begin PBXProject section */
		F4B72E1B20EBC063007CCE54 /* Project object */ = {
			isa = PBXProject;
			attributes = {
				LastSwiftUpdateCheck = 0940;
				LastUpgradeCheck = 0940;
				ORGANIZATIONNAME = "Gaurav Bhansali";
				TargetAttributes = {
					F4B72E2220EBC063007CCE54 = {
						CreatedOnToolsVersion = 9.4.1;
						SystemCapabilities = {
							com.apple.BackgroundModes = {
								enabled = 1;
							};
						};
					};
					F4B72E3820EBC066007CCE54 = {
						CreatedOnToolsVersion = 9.4.1;
						TestTargetID = F4B72E2220EBC063007CCE54;
					};
					F4B72E4320EBC066007CCE54 = {
						CreatedOnToolsVersion = 9.4.1;
						TestTargetID = F4B72E2220EBC063007CCE54;
					};
				};
			};
			buildConfigurationList = F4B72E1E20EBC063007CCE54 /* Build configuration list for PBXProject "Jain" */;
			compatibilityVersion = "Xcode 9.3";
			developmentRegion = en;
			hasScannedForEncodings = 0;
			knownRegions = (
				en,
				Base,
			);
			mainGroup = F4B72E1A20EBC063007CCE54;
			productRefGroup = F4B72E2420EBC063007CCE54 /* Products */;
			projectDirPath = "";
			projectRoot = "";
			targets = (
				F4B72E2220EBC063007CCE54 /* Jain */,
				F4B72E3820EBC066007CCE54 /* JainTests */,
				F4B72E4320EBC066007CCE54 /* JainUITests */,
			);
		};
/* End PBXProject section */

/* Begin PBXResourcesBuildPhase section */
		F4B72E2120EBC063007CCE54 /* Resources */ = {
			isa = PBXResourcesBuildPhase;
			buildActionMask = 2147483647;
			files = (
				F4B72E3320EBC065007CCE54 /* LaunchScreen.storyboard in Resources */,
				F4B72E3020EBC065007CCE54 /* Assets.xcassets in Resources */,
				F4B72E2E20EBC063007CCE54 /* Main.storyboard in Resources */,
			);
			runOnlyForDeploymentPostprocessing = 0;
		};
		F4B72E3720EBC066007CCE54 /* Resources */ = {
			isa = PBXResourcesBuildPhase;
			buildActionMask = 2147483647;
			files = (
			);
			runOnlyForDeploymentPostprocessing = 0;
		};
		F4B72E4220EBC066007CCE54 /* Resources */ = {
			isa = PBXResourcesBuildPhase;
			buildActionMask = 2147483647;
			files = (
			);
			runOnlyForDeploymentPostprocessing = 0;
		};
/* End PBXResourcesBuildPhase section */

/* Begin PBXShellScriptBuildPhase section */
		00B3BAA691DBB42F00F8E481 /* [CP] Check Pods Manifest.lock */ = {
			isa = PBXShellScriptBuildPhase;
			buildActionMask = 2147483647;
			files = (
			);
			inputPaths = (
				"${PODS_PODFILE_DIR_PATH}/Podfile.lock",
				"${PODS_ROOT}/Manifest.lock",
			);
			name = "[CP] Check Pods Manifest.lock";
			outputPaths = (
				"$(DERIVED_FILE_DIR)/Pods-Jain-checkManifestLockResult.txt",
			);
			runOnlyForDeploymentPostprocessing = 0;
			shellPath = /bin/sh;
			shellScript = "diff \"${PODS_PODFILE_DIR_PATH}/Podfile.lock\" \"${PODS_ROOT}/Manifest.lock\" > /dev/null\nif [ $? != 0 ] ; then\n    # print error to STDERR\n    echo \"error: The sandbox is not in sync with the Podfile.lock. Run 'pod install' or update your CocoaPods installation.\" >&2\n    exit 1\nfi\n# This output is used by Xcode 'outputs' to avoid re-running this script phase.\necho \"SUCCESS\" > \"${SCRIPT_OUTPUT_FILE_0}\"\n";
			showEnvVarsInLog = 0;
		};
		3F08D46AEFD13F6459418057 /* [CP] Check Pods Manifest.lock */ = {
			isa = PBXShellScriptBuildPhase;
			buildActionMask = 2147483647;
			files = (
			);
			inputPaths = (
				"${PODS_PODFILE_DIR_PATH}/Podfile.lock",
				"${PODS_ROOT}/Manifest.lock",
			);
			name = "[CP] Check Pods Manifest.lock";
			outputPaths = (
				"$(DERIVED_FILE_DIR)/Pods-JainUITests-checkManifestLockResult.txt",
			);
			runOnlyForDeploymentPostprocessing = 0;
			shellPath = /bin/sh;
			shellScript = "diff \"${PODS_PODFILE_DIR_PATH}/Podfile.lock\" \"${PODS_ROOT}/Manifest.lock\" > /dev/null\nif [ $? != 0 ] ; then\n    # print error to STDERR\n    echo \"error: The sandbox is not in sync with the Podfile.lock. Run 'pod install' or update your CocoaPods installation.\" >&2\n    exit 1\nfi\n# This output is used by Xcode 'outputs' to avoid re-running this script phase.\necho \"SUCCESS\" > \"${SCRIPT_OUTPUT_FILE_0}\"\n";
			showEnvVarsInLog = 0;
		};
		F48A3BA920EE97BA00F24446 /* SwiftLint */ = {
			isa = PBXShellScriptBuildPhase;
			buildActionMask = 2147483647;
			files = (
			);
			inputPaths = (
			);
			name = SwiftLint;
			outputPaths = (
			);
			runOnlyForDeploymentPostprocessing = 0;
			shellPath = /bin/sh;
			shellScript = "if which swiftlint >/dev/null; then\nswiftlint\nelse\necho \"warning: SwiftLint not installed, download from https://github.com/realm/SwiftLint\"\nfi\n";
		};
		FF7335493845F8799A57AD45 /* [CP] Check Pods Manifest.lock */ = {
			isa = PBXShellScriptBuildPhase;
			buildActionMask = 2147483647;
			files = (
			);
			inputPaths = (
				"${PODS_PODFILE_DIR_PATH}/Podfile.lock",
				"${PODS_ROOT}/Manifest.lock",
			);
			name = "[CP] Check Pods Manifest.lock";
			outputPaths = (
				"$(DERIVED_FILE_DIR)/Pods-JainTests-checkManifestLockResult.txt",
			);
			runOnlyForDeploymentPostprocessing = 0;
			shellPath = /bin/sh;
			shellScript = "diff \"${PODS_PODFILE_DIR_PATH}/Podfile.lock\" \"${PODS_ROOT}/Manifest.lock\" > /dev/null\nif [ $? != 0 ] ; then\n    # print error to STDERR\n    echo \"error: The sandbox is not in sync with the Podfile.lock. Run 'pod install' or update your CocoaPods installation.\" >&2\n    exit 1\nfi\n# This output is used by Xcode 'outputs' to avoid re-running this script phase.\necho \"SUCCESS\" > \"${SCRIPT_OUTPUT_FILE_0}\"\n";
			showEnvVarsInLog = 0;
		};
/* End PBXShellScriptBuildPhase section */

/* Begin PBXSourcesBuildPhase section */
		F4B72E1F20EBC063007CCE54 /* Sources */ = {
			isa = PBXSourcesBuildPhase;
			buildActionMask = 2147483647;
			files = (
				F4B72E2720EBC063007CCE54 /* AppDelegate.swift in Sources */,
				F4F3461820EE33D000CF591E /* MyCollectionViewCell.swift in Sources */,
				F4B6663F20ECFEF000BAC68A /* SongListViewController.swift in Sources */,
				F4B6664220ECFF2900BAC68A /* BookListViewController.swift in Sources */,
				F4B6664420ECFF7200BAC68A /* SettingsViewController.swift in Sources */,
			);
			runOnlyForDeploymentPostprocessing = 0;
		};
		F4B72E3520EBC066007CCE54 /* Sources */ = {
			isa = PBXSourcesBuildPhase;
			buildActionMask = 2147483647;
			files = (
				F4B72E3E20EBC066007CCE54 /* JainTests.swift in Sources */,
			);
			runOnlyForDeploymentPostprocessing = 0;
		};
		F4B72E4020EBC066007CCE54 /* Sources */ = {
			isa = PBXSourcesBuildPhase;
			buildActionMask = 2147483647;
			files = (
				F4B72E4920EBC066007CCE54 /* JainUITests.swift in Sources */,
			);
			runOnlyForDeploymentPostprocessing = 0;
		};
/* End PBXSourcesBuildPhase section */

/* Begin PBXTargetDependency section */
		F4B72E3B20EBC066007CCE54 /* PBXTargetDependency */ = {
			isa = PBXTargetDependency;
			target = F4B72E2220EBC063007CCE54 /* Jain */;
			targetProxy = F4B72E3A20EBC066007CCE54 /* PBXContainerItemProxy */;
		};
		F4B72E4620EBC066007CCE54 /* PBXTargetDependency */ = {
			isa = PBXTargetDependency;
			target = F4B72E2220EBC063007CCE54 /* Jain */;
			targetProxy = F4B72E4520EBC066007CCE54 /* PBXContainerItemProxy */;
		};
/* End PBXTargetDependency section */

/* Begin PBXVariantGroup section */
		F4B72E2C20EBC063007CCE54 /* Main.storyboard */ = {
			isa = PBXVariantGroup;
			children = (
				F4B72E2D20EBC063007CCE54 /* Base */,
			);
			name = Main.storyboard;
			sourceTree = "<group>";
		};
		F4B72E3120EBC065007CCE54 /* LaunchScreen.storyboard */ = {
			isa = PBXVariantGroup;
			children = (
				F4B72E3220EBC065007CCE54 /* Base */,
			);
			name = LaunchScreen.storyboard;
			sourceTree = "<group>";
		};
/* End PBXVariantGroup section */

/* Begin XCBuildConfiguration section */
		F4B72E4B20EBC066007CCE54 /* Debug */ = {
			isa = XCBuildConfiguration;
			buildSettings = {
				ALWAYS_SEARCH_USER_PATHS = NO;
				CLANG_ANALYZER_NONNULL = YES;
				CLANG_ANALYZER_NUMBER_OBJECT_CONVERSION = YES_AGGRESSIVE;
				CLANG_CXX_LANGUAGE_STANDARD = "gnu++14";
				CLANG_CXX_LIBRARY = "libc++";
				CLANG_ENABLE_MODULES = YES;
				CLANG_ENABLE_OBJC_ARC = YES;
				CLANG_ENABLE_OBJC_WEAK = YES;
				CLANG_WARN_BLOCK_CAPTURE_AUTORELEASING = YES;
				CLANG_WARN_BOOL_CONVERSION = YES;
				CLANG_WARN_COMMA = YES;
				CLANG_WARN_CONSTANT_CONVERSION = YES;
				CLANG_WARN_DEPRECATED_OBJC_IMPLEMENTATIONS = YES;
				CLANG_WARN_DIRECT_OBJC_ISA_USAGE = YES_ERROR;
				CLANG_WARN_DOCUMENTATION_COMMENTS = YES;
				CLANG_WARN_EMPTY_BODY = YES;
				CLANG_WARN_ENUM_CONVERSION = YES;
				CLANG_WARN_INFINITE_RECURSION = YES;
				CLANG_WARN_INT_CONVERSION = YES;
				CLANG_WARN_NON_LITERAL_NULL_CONVERSION = YES;
				CLANG_WARN_OBJC_IMPLICIT_RETAIN_SELF = YES;
				CLANG_WARN_OBJC_LITERAL_CONVERSION = YES;
				CLANG_WARN_OBJC_ROOT_CLASS = YES_ERROR;
				CLANG_WARN_RANGE_LOOP_ANALYSIS = YES;
				CLANG_WARN_STRICT_PROTOTYPES = YES;
				CLANG_WARN_SUSPICIOUS_MOVE = YES;
				CLANG_WARN_UNGUARDED_AVAILABILITY = YES_AGGRESSIVE;
				CLANG_WARN_UNREACHABLE_CODE = YES;
				CLANG_WARN__DUPLICATE_METHOD_MATCH = YES;
				CODE_SIGN_IDENTITY = "iPhone Developer";
				COPY_PHASE_STRIP = NO;
				DEBUG_INFORMATION_FORMAT = dwarf;
				ENABLE_STRICT_OBJC_MSGSEND = YES;
				ENABLE_TESTABILITY = YES;
				GCC_C_LANGUAGE_STANDARD = gnu11;
				GCC_DYNAMIC_NO_PIC = NO;
				GCC_NO_COMMON_BLOCKS = YES;
				GCC_OPTIMIZATION_LEVEL = 0;
				GCC_PREPROCESSOR_DEFINITIONS = (
					"DEBUG=1",
					"$(inherited)",
				);
				GCC_WARN_64_TO_32_BIT_CONVERSION = YES;
				GCC_WARN_ABOUT_RETURN_TYPE = YES_ERROR;
				GCC_WARN_UNDECLARED_SELECTOR = YES;
				GCC_WARN_UNINITIALIZED_AUTOS = YES_AGGRESSIVE;
				GCC_WARN_UNUSED_FUNCTION = YES;
				GCC_WARN_UNUSED_VARIABLE = YES;
				IPHONEOS_DEPLOYMENT_TARGET = 11.4;
				MTL_ENABLE_DEBUG_INFO = YES;
				ONLY_ACTIVE_ARCH = YES;
				SDKROOT = iphoneos;
				SWIFT_ACTIVE_COMPILATION_CONDITIONS = DEBUG;
				SWIFT_OPTIMIZATION_LEVEL = "-Onone";
			};
			name = Debug;
		};
		F4B72E4C20EBC066007CCE54 /* Release */ = {
			isa = XCBuildConfiguration;
			buildSettings = {
				ALWAYS_SEARCH_USER_PATHS = NO;
				CLANG_ANALYZER_NONNULL = YES;
				CLANG_ANALYZER_NUMBER_OBJECT_CONVERSION = YES_AGGRESSIVE;
				CLANG_CXX_LANGUAGE_STANDARD = "gnu++14";
				CLANG_CXX_LIBRARY = "libc++";
				CLANG_ENABLE_MODULES = YES;
				CLANG_ENABLE_OBJC_ARC = YES;
				CLANG_ENABLE_OBJC_WEAK = YES;
				CLANG_WARN_BLOCK_CAPTURE_AUTORELEASING = YES;
				CLANG_WARN_BOOL_CONVERSION = YES;
				CLANG_WARN_COMMA = YES;
				CLANG_WARN_CONSTANT_CONVERSION = YES;
				CLANG_WARN_DEPRECATED_OBJC_IMPLEMENTATIONS = YES;
				CLANG_WARN_DIRECT_OBJC_ISA_USAGE = YES_ERROR;
				CLANG_WARN_DOCUMENTATION_COMMENTS = YES;
				CLANG_WARN_EMPTY_BODY = YES;
				CLANG_WARN_ENUM_CONVERSION = YES;
				CLANG_WARN_INFINITE_RECURSION = YES;
				CLANG_WARN_INT_CONVERSION = YES;
				CLANG_WARN_NON_LITERAL_NULL_CONVERSION = YES;
				CLANG_WARN_OBJC_IMPLICIT_RETAIN_SELF = YES;
				CLANG_WARN_OBJC_LITERAL_CONVERSION = YES;
				CLANG_WARN_OBJC_ROOT_CLASS = YES_ERROR;
				CLANG_WARN_RANGE_LOOP_ANALYSIS = YES;
				CLANG_WARN_STRICT_PROTOTYPES = YES;
				CLANG_WARN_SUSPICIOUS_MOVE = YES;
				CLANG_WARN_UNGUARDED_AVAILABILITY = YES_AGGRESSIVE;
				CLANG_WARN_UNREACHABLE_CODE = YES;
				CLANG_WARN__DUPLICATE_METHOD_MATCH = YES;
				CODE_SIGN_IDENTITY = "iPhone Developer";
				COPY_PHASE_STRIP = NO;
				DEBUG_INFORMATION_FORMAT = "dwarf-with-dsym";
				ENABLE_NS_ASSERTIONS = NO;
				ENABLE_STRICT_OBJC_MSGSEND = YES;
				GCC_C_LANGUAGE_STANDARD = gnu11;
				GCC_NO_COMMON_BLOCKS = YES;
				GCC_WARN_64_TO_32_BIT_CONVERSION = YES;
				GCC_WARN_ABOUT_RETURN_TYPE = YES_ERROR;
				GCC_WARN_UNDECLARED_SELECTOR = YES;
				GCC_WARN_UNINITIALIZED_AUTOS = YES_AGGRESSIVE;
				GCC_WARN_UNUSED_FUNCTION = YES;
				GCC_WARN_UNUSED_VARIABLE = YES;
				IPHONEOS_DEPLOYMENT_TARGET = 11.4;
				MTL_ENABLE_DEBUG_INFO = NO;
				SDKROOT = iphoneos;
				SWIFT_COMPILATION_MODE = wholemodule;
				SWIFT_OPTIMIZATION_LEVEL = "-O";
				VALIDATE_PRODUCT = YES;
			};
			name = Release;
		};
		F4B72E4E20EBC066007CCE54 /* Debug */ = {
			isa = XCBuildConfiguration;
			baseConfigurationReference = AC030B765A633F7BFECB2EE2 /* Pods-Jain.debug.xcconfig */;
			buildSettings = {
				ASSETCATALOG_COMPILER_APPICON_NAME = AppIcon;
				CODE_SIGN_STYLE = Automatic;
				DEVELOPMENT_TEAM = L9FQVSF844;
				INFOPLIST_FILE = Jain/Info.plist;
				IPHONEOS_DEPLOYMENT_TARGET = 10.0;
				LD_RUNPATH_SEARCH_PATHS = (
					"$(inherited)",
					"@executable_path/Frameworks",
				);
				PRODUCT_BUNDLE_IDENTIFIER = Logicx.Jain;
				PRODUCT_NAME = "$(TARGET_NAME)";
				SWIFT_VERSION = 4.0;
				TARGETED_DEVICE_FAMILY = 1;
			};
			name = Debug;
		};
		F4B72E4F20EBC066007CCE54 /* Release */ = {
			isa = XCBuildConfiguration;
			baseConfigurationReference = 32EAC08B6795DE012AE9A256 /* Pods-Jain.release.xcconfig */;
			buildSettings = {
				ASSETCATALOG_COMPILER_APPICON_NAME = AppIcon;
				CODE_SIGN_STYLE = Automatic;
				DEVELOPMENT_TEAM = L9FQVSF844;
				INFOPLIST_FILE = Jain/Info.plist;
				IPHONEOS_DEPLOYMENT_TARGET = 10.0;
				LD_RUNPATH_SEARCH_PATHS = (
					"$(inherited)",
					"@executable_path/Frameworks",
				);
				PRODUCT_BUNDLE_IDENTIFIER = Logicx.Jain;
				PRODUCT_NAME = "$(TARGET_NAME)";
				SWIFT_VERSION = 4.0;
				TARGETED_DEVICE_FAMILY = 1;
			};
			name = Release;
		};
		F4B72E5120EBC066007CCE54 /* Debug */ = {
			isa = XCBuildConfiguration;
			baseConfigurationReference = 1EFB8184C289B30096B38D7E /* Pods-JainTests.debug.xcconfig */;
			buildSettings = {
				ALWAYS_EMBED_SWIFT_STANDARD_LIBRARIES = YES;
				BUNDLE_LOADER = "$(TEST_HOST)";
				CODE_SIGN_STYLE = Automatic;
				DEVELOPMENT_TEAM = L9FQVSF844;
				INFOPLIST_FILE = JainTests/Info.plist;
				LD_RUNPATH_SEARCH_PATHS = (
					"$(inherited)",
					"@executable_path/Frameworks",
					"@loader_path/Frameworks",
				);
				PRODUCT_BUNDLE_IDENTIFIER = Logicx.JainTests;
				PRODUCT_NAME = "$(TARGET_NAME)";
				SWIFT_VERSION = 4.0;
				TARGETED_DEVICE_FAMILY = "1,2";
				TEST_HOST = "$(BUILT_PRODUCTS_DIR)/Jain.app/Jain";
			};
			name = Debug;
		};
		F4B72E5220EBC066007CCE54 /* Release */ = {
			isa = XCBuildConfiguration;
			baseConfigurationReference = F0F0AEEE46CA00108B20F188 /* Pods-JainTests.release.xcconfig */;
			buildSettings = {
				ALWAYS_EMBED_SWIFT_STANDARD_LIBRARIES = YES;
				BUNDLE_LOADER = "$(TEST_HOST)";
				CODE_SIGN_STYLE = Automatic;
				DEVELOPMENT_TEAM = L9FQVSF844;
				INFOPLIST_FILE = JainTests/Info.plist;
				LD_RUNPATH_SEARCH_PATHS = (
					"$(inherited)",
					"@executable_path/Frameworks",
					"@loader_path/Frameworks",
				);
				PRODUCT_BUNDLE_IDENTIFIER = Logicx.JainTests;
				PRODUCT_NAME = "$(TARGET_NAME)";
				SWIFT_VERSION = 4.0;
				TARGETED_DEVICE_FAMILY = "1,2";
				TEST_HOST = "$(BUILT_PRODUCTS_DIR)/Jain.app/Jain";
			};
			name = Release;
		};
		F4B72E5420EBC066007CCE54 /* Debug */ = {
			isa = XCBuildConfiguration;
			baseConfigurationReference = 22AD96DE8902C7BADEDE18A6 /* Pods-JainUITests.debug.xcconfig */;
			buildSettings = {
				ALWAYS_EMBED_SWIFT_STANDARD_LIBRARIES = YES;
				CODE_SIGN_STYLE = Automatic;
				DEVELOPMENT_TEAM = L9FQVSF844;
				INFOPLIST_FILE = JainUITests/Info.plist;
				LD_RUNPATH_SEARCH_PATHS = (
					"$(inherited)",
					"@executable_path/Frameworks",
					"@loader_path/Frameworks",
				);
				PRODUCT_BUNDLE_IDENTIFIER = Logicx.JainUITests;
				PRODUCT_NAME = "$(TARGET_NAME)";
				SWIFT_VERSION = 4.0;
				TARGETED_DEVICE_FAMILY = "1,2";
				TEST_TARGET_NAME = Jain;
			};
			name = Debug;
		};
		F4B72E5520EBC066007CCE54 /* Release */ = {
			isa = XCBuildConfiguration;
			baseConfigurationReference = 785B9940ECFEB3816795C00F /* Pods-JainUITests.release.xcconfig */;
			buildSettings = {
				ALWAYS_EMBED_SWIFT_STANDARD_LIBRARIES = YES;
				CODE_SIGN_STYLE = Automatic;
				DEVELOPMENT_TEAM = L9FQVSF844;
				INFOPLIST_FILE = JainUITests/Info.plist;
				LD_RUNPATH_SEARCH_PATHS = (
					"$(inherited)",
					"@executable_path/Frameworks",
					"@loader_path/Frameworks",
				);
				PRODUCT_BUNDLE_IDENTIFIER = Logicx.JainUITests;
				PRODUCT_NAME = "$(TARGET_NAME)";
				SWIFT_VERSION = 4.0;
				TARGETED_DEVICE_FAMILY = "1,2";
				TEST_TARGET_NAME = Jain;
			};
			name = Release;
		};
/* End XCBuildConfiguration section */

/* Begin XCConfigurationList section */
		F4B72E1E20EBC063007CCE54 /* Build configuration list for PBXProject "Jain" */ = {
			isa = XCConfigurationList;
			buildConfigurations = (
				F4B72E4B20EBC066007CCE54 /* Debug */,
				F4B72E4C20EBC066007CCE54 /* Release */,
			);
			defaultConfigurationIsVisible = 0;
			defaultConfigurationName = Release;
		};
		F4B72E4D20EBC066007CCE54 /* Build configuration list for PBXNativeTarget "Jain" */ = {
			isa = XCConfigurationList;
			buildConfigurations = (
				F4B72E4E20EBC066007CCE54 /* Debug */,
				F4B72E4F20EBC066007CCE54 /* Release */,
			);
			defaultConfigurationIsVisible = 0;
			defaultConfigurationName = Release;
		};
		F4B72E5020EBC066007CCE54 /* Build configuration list for PBXNativeTarget "JainTests" */ = {
			isa = XCConfigurationList;
			buildConfigurations = (
				F4B72E5120EBC066007CCE54 /* Debug */,
				F4B72E5220EBC066007CCE54 /* Release */,
			);
			defaultConfigurationIsVisible = 0;
			defaultConfigurationName = Release;
		};
		F4B72E5320EBC066007CCE54 /* Build configuration list for PBXNativeTarget "JainUITests" */ = {
			isa = XCConfigurationList;
			buildConfigurations = (
				F4B72E5420EBC066007CCE54 /* Debug */,
				F4B72E5520EBC066007CCE54 /* Release */,
			);
			defaultConfigurationIsVisible = 0;
			defaultConfigurationName = Release;
		};
/* End XCConfigurationList section */
	};
	rootObject = F4B72E1B20EBC063007CCE54 /* Project object */;
}
